{
    "hash": "94565f0eb79fe89f3188e92c8fcd1718",
    "packages": [
        {
            "package": "doctrine/common",
            "version": "2.3.x-dev",
            "source-reference": "2ec4bc6db13db6a0976a16b71058083c55cbcdbd",
            "commit-date": "1343847076"
        },
        {
            "package": "doctrine/dbal",
            "version": "2.3.x-dev",
            "source-reference": "6470e2089e9ab4a2d24e6927ebe073b7935d7ed5",
            "commit-date": "1344980709"
        },
        {
            "package": "doctrine/doctrine-bundle",
            "version": "dev-master",
            "source-reference": "4d9bb0f3af470556983eb41a7d19ede23401ef0b",
            "commit-date": "1344549563"
        },
        {
            "package": "doctrine/doctrine-migrations-bundle",
            "version": "dev-master",
            "source-reference": "3792aa78445773387754c6853bbd7f4dcb31f486",
            "commit-date": "1341472972"
        },
        {
            "package": "doctrine/migrations",
            "version": "dev-master",
            "source-reference": "b86b4cc0a39714f0aa53b908d495beacfa0e4011",
            "commit-date": "1343202693"
        },
        {
            "package": "doctrine/orm",
            "version": "2.3.x-dev",
            "source-reference": "971865f271771a3b06c474dfea9e91f023837cce",
            "commit-date": "1344977483"
        },
        {
            "package": "friendsofsymfony/user-bundle",
            "version": "dev-master",
            "source-reference": "8b2c9ae5e4c5ca11f11fa543d271fccf92f29331",
            "commit-date": "1345849777"
        },
        {
            "package": "jms/aop-bundle",
            "version": "1.0.0"
        },
        {
            "package": "jms/cg",
            "version": "1.0.0"
        },
        {
            "package": "jms/di-extra-bundle",
            "version": "dev-master",
            "alias-pretty-version": "1.1.x-dev",
            "alias-version": "1.1.9999999.9999999-dev"
        },
        {
            "package": "jms/di-extra-bundle",
            "version": "dev-master",
            "source-reference": "3420add7ca1957b60c7e250506d7c59ea7012747",
            "commit-date": "1345140102"
        },
        {
            "package": "jms/metadata",
            "version": "1.1.1"
        },
        {
            "package": "jms/security-extra-bundle",
            "version": "dev-master",
            "alias-pretty-version": "1.2.x-dev",
            "alias-version": "1.2.9999999.9999999-dev"
        },
        {
            "package": "jms/security-extra-bundle",
            "version": "dev-master",
            "source-reference": "dc76f47a5f4171abfd958fe4d277dfa11a3290ce",
            "commit-date": "1345840275"
        },
        {
            "package": "knplabs/knp-menu",
            "version": "1.1.x-dev",
            "source-reference": "v1.1.2",
            "commit-date": "1339345240"
        },
        {
            "package": "knplabs/knp-menu-bundle",
            "version": "v1.1.0"
        },
        {
            "package": "kriswallsmith/assetic",
            "version": "dev-master",
            "alias-pretty-version": "1.1.x-dev",
            "alias-version": "1.1.9999999.9999999-dev"
        },
        {
            "package": "kriswallsmith/assetic",
            "version": "dev-master",
            "source-reference": "db682ee6bf6b15131a5433f2a71f8ca39555ccaa",
            "commit-date": "1346007196"
        },
        {
            "package": "monolog/monolog",
            "version": "1.2.0"
        },
        {
            "package": "sensio/distribution-bundle",
            "version": "dev-master",
            "alias-pretty-version": "2.1.x-dev",
            "alias-version": "2.1.9999999.9999999-dev"
        },
        {
            "package": "sensio/distribution-bundle",
            "version": "dev-master",
            "source-reference": "f7e9231c36c3badc43f40d025a0ad12939b91df7",
            "commit-date": "1345982505"
        },
        {
            "package": "sensio/framework-extra-bundle",
            "version": "dev-master",
            "source-reference": "ade2d53b20a9fc3428f04c863b3fd4fca0b62181",
            "commit-date": "1344072374"
        },
        {
            "package": "sensio/generator-bundle",
            "version": "dev-master",
            "source-reference": "d8fc1666f3cdb403f1b2d4320c45ddd6adbdf6a5",
            "commit-date": "1343980150"
        },
        {
            "package": "sonata-project/admin-bundle",
            "version": "dev-master",
            "source-reference": "4ae866a79acf2fead9656810af296c2b6594364c",
            "commit-date": "1345980254"
        },
        {
            "package": "sonata-project/block-bundle",
            "version": "dev-master",
            "source-reference": "dc3beee73f0b6b5baa6cf945b1a444d7c03f923a",
            "commit-date": "1345743951"
        },
        {
            "package": "sonata-project/cache-bundle",
            "version": "dev-master",
            "source-reference": "1da6e723f47eab51b8a2a1ab22efc832a379bda6",
            "commit-date": "1345501400"
        },
        {
            "package": "sonata-project/doctrine-extensions",
            "version": "dev-master",
            "source-reference": "0a316790871e1ea7f019e2313667570eabd270b9",
            "commit-date": "1332462393"
        },
        {
            "package": "sonata-project/doctrine-orm-admin-bundle",
            "version": "dev-master",
            "source-reference": "533b15f9663eea626b33295fee879f7eaf5e25d5",
            "commit-date": "1344189658"
        },
        {
            "package": "sonata-project/easy-extends-bundle",
            "version": "dev-master",
            "source-reference": "4590e4ee970c031deae56c7cd18f71f77aeceb3c",
            "commit-date": "1343805856"
        },
        {
            "package": "sonata-project/exporter",
            "version": "dev-master",
            "source-reference": "bcdfd50bc3118173d914e790921701ab26fb6b14",
            "commit-date": "1338844924"
        },
        {
            "package": "sonata-project/jquery-bundle",
            "version": "dev-master",
            "source-reference": "785870afce016cc387fadb361ad52c3d4a2e7fe6",
            "commit-date": "1339857469"
        },
        {
            "package": "sonata-project/user-bundle",
            "version": "dev-master",
            "source-reference": "402e7765e204a710738ccc84bc7f74c511105618",
            "commit-date": "1346054042"
        },
        {
            "package": "swiftmailer/swiftmailer",
            "version": "dev-master",
            "alias-pretty-version": "4.2.x-dev",
            "alias-version": "4.2.9999999.9999999-dev"
        },
        {
            "package": "swiftmailer/swiftmailer",
            "version": "dev-master",
            "source-reference": "e12e4ef3a9d6dd60fb734a01984a6e6627aea764",
            "commit-date": "1345630910"
        },
        {
            "package": "symfony/assetic-bundle",
            "version": "dev-master",
            "source-reference": "ec3a65d3eab342af9e93a3c21af0ac7b78e01c17",
            "commit-date": "1344507386"
        },
        {
            "package": "symfony/monolog-bundle",
            "version": "dev-master",
            "source-reference": "10c3d6fcda8d73eb1a35860eeea2933d1ab2c1f6",
            "commit-date": "1345557954"
        },
        {
            "package": "symfony/swiftmailer-bundle",
            "version": "dev-master",
            "alias-pretty-version": "2.1.x-dev",
            "alias-version": "2.1.9999999.9999999-dev"
        },
        {
            "package": "symfony/swiftmailer-bundle",
            "version": "dev-master",
            "source-reference": "v2.1.0-BETA4",
            "commit-date": "1342684512"
        },
        {
            "package": "symfony/symfony",
            "version": "dev-master",
            "alias-pretty-version": "2.1.x-dev",
            "alias-version": "2.1.9999999.9999999-dev"
        },
        {
            "package": "symfony/symfony",
            "version": "dev-master",
            "source-reference": "5cc43f9486c913a5f3018cd6076ed53d13d54818",
            "commit-date": "1346095884"
        },
        {
            "package": "twig/extensions",
            "version": "dev-master",
            "source-reference": "feb6d3f10c411e2631997c0a905aa581c80305c1",
            "commit-date": "1337599699"
        },
        {
            "package": "twig/twig",
            "version": "dev-master",
            "alias-pretty-version": "1.9.x-dev",
            "alias-version": "1.9.9999999.9999999-dev"
        },
        {
            "package": "twig/twig",
            "version": "dev-master",
            "source-reference": "32c4867f68c1bacc758602d602e18a3ac1598c76",
            "commit-date": "1345916214"
        }
    ],
    "packages-dev": null,
    "aliases": [

    ],
    "minimum-stability": "dev",
    "stability-flags": {
        "doctrine/doctrine-bundle": 20,
        "twig/extensions": 20,
        "symfony/assetic-bundle": 20,
        "symfony/swiftmailer-bundle": 20,
        "symfony/monolog-bundle": 20,
        "sensio/distribution-bundle": 20,
        "sensio/framework-extra-bundle": 20,
        "sensio/generator-bundle": 20
    }
}
